# THIS IS AN AUTOGENERATED FILE. DO NOT EDIT THIS FILE DIRECTLY.
# yarn lockfile v1


"@ludeschersoftware/math@^1.0.0":
  version "1.0.0"
  resolved "https://registry.yarnpkg.com/@ludeschersoftware/math/-/math-1.0.0.tgz#8585b7c291b2af04b02f272e1f43d091784465ea"
  integrity sha512-iYXy+LGHhJTD6xT9LUUejFocujD2k2pwT1VM9C60nfxSkcZbg2GefhmZHSRDpEGQlRfyDV3exLXSvFN/37f4BA==
