# THIS IS AN AUTOGENERATED FILE. DO NOT EDIT THIS FILE DIRECTLY.
# yarn lockfile v1


"@ludeschersoftware/math@^1.0.0":
  version "1.0.0"
  resolved "https://registry.yarnpkg.com/@ludeschersoftware/math/-/math-1.0.0.tgz#8585b7c291b2af04b02f272e1f43d091784465ea"
  integrity sha512-iYXy+LGHhJTD6xT9LUUejFocujD2k2pwT1VM9C60nfxSkcZbg2GefhmZHSRDpEGQlRfyDV3exLXSvFN/37f4BA==

"@ludeschersoftware/types@^1.1.0":
  version "1.1.0"
  resolved "https://registry.yarnpkg.com/@ludeschersoftware/types/-/types-1.1.0.tgz#ddd79b9b00548675f3ce3c7afcd6d548c11f8ea9"
  integrity sha512-HqkAQ12v0C0oC1AHn0dN0ueO2cJD5zUVa4re2K1Wx8MOzoY20d5qN4v4S6tAujChpAAonOb6XHcoTHvV3/Y4dw==
